
Microsoft Visual Studio Solution File, Format Version 12.00
# Visual Studio Version 16
VisualStudioVersion = 16.0.29920.165
MinimumVisualStudioVersion = 10.0.40219.1
Project("{FAE04EC0-301F-11D3-BF4B-00C04F79EFBC}") = "LinqExpressionGenerator", "LinqExpressionGenerator\LinqExpressionGenerator.csproj", "{2752ED32-A743-4242-975B-FFD9B255CD95}"
EndProject
Global
	GlobalSection(SolutionConfigurationPlatforms) = preSolution
		Debug|Any CPU = Debug|Any CPU
		Release|Any CPU = Release|Any CPU
	EndGlobalSection
	GlobalSection(ProjectConfigurationPlatforms) = postSolution
		{2752ED32-A743-4242-975B-FFD9B255CD95}.Debug|Any CPU.ActiveCfg = Debug|Any CPU
		{2752ED32-A743-4242-975B-FFD9B255CD95}.Debug|Any CPU.Build.0 = Debug|Any CPU
		{2752ED32-A743-4242-975B-FFD9B255CD95}.Release|Any CPU.ActiveCfg = Release|Any CPU
		{2752ED32-A743-4242-975B-FFD9B255CD95}.Release|Any CPU.Build.0 = Release|Any CPU
	EndGlobalSection
	GlobalSection(SolutionProperties) = preSolution
		HideSolutionNode = FALSE
	EndGlobalSection
	GlobalSection(ExtensibilityGlobals) = postSolution
		SolutionGuid = {A9037B5B-A3BF-48C2-B2AF-81D3D5097B6D}
	EndGlobalSection
EndGlobal
